// !$*UTF8*$!
{
	archiveVersion = 1;
	classes = {
	};
	objectVersion = 50;
	objects = {

/* Begin PBXBuildFile section */
		9C13AF3A24DC120E004CCBE3 /* AppDelegate.swift in Sources */ = {isa = PBXBuildFile; fileRef = 9C13AF3924DC120E004CCBE3 /* AppDelegate.swift */; };
		9C13AF3C24DC120E004CCBE3 /* SceneDelegate.swift in Sources */ = {isa = PBXBuildFile; fileRef = 9C13AF3B24DC120E004CCBE3 /* SceneDelegate.swift */; };
		9C13AF3E24DC120E004CCBE3 /* ViewController.swift in Sources */ = {isa = PBXBuildFile; fileRef = 9C13AF3D24DC120E004CCBE3 /* ViewController.swift */; };
		9C13AF4124DC120E004CCBE3 /* Main.storyboard in Resources */ = {isa = PBXBuildFile; fileRef = 9C13AF3F24DC120E004CCBE3 /* Main.storyboard */; };
		9C13AF4324DC1210004CCBE3 /* Assets.xcassets in Resources */ = {isa = PBXBuildFile; fileRef = 9C13AF4224DC1210004CCBE3 /* Assets.xcassets */; };
		9C13AF4624DC1210004CCBE3 /* LaunchScreen.storyboard in Resources */ = {isa = PBXBuildFile; fileRef = 9C13AF4424DC1210004CCBE3 /* LaunchScreen.storyboard */; };
		9C13AF5124DC1210004CCBE3 /* MemeMeTests.swift in Sources */ = {isa = PBXBuildFile; fileRef = 9C13AF5024DC1210004CCBE3 /* MemeMeTests.swift */; };
/* End PBXBuildFile section */

/* Begin PBXContainerItemProxy section */
		9C13AF4D24DC1210004CCBE3 /* PBXContainerItemProxy */ = {
			isa = PBXContainerItemProxy;
			containerPortal = 9C13AF2E24DC120E004CCBE3 /* Project object */;
			proxyType = 1;
			remoteGlobalIDString = 9C13AF3524DC120E004CCBE3;
			remoteInfo = MemeMe;
		};
/* End PBXContainerItemProxy section */

/* Begin PBXFileReference section */
		9C13AF3624DC120E004CCBE3 /* MemeMe.app */ = {isa = PBXFileReference; explicitFileType = wrapper.application; includeInIndex = 0; path = MemeMe.app; sourceTree = BUILT_PRODUCTS_DIR; };
		9C13AF3924DC120E004CCBE3 /* AppDelegate.swift */ = {isa = PBXFileReference; lastKnownFileType = sourcecode.swift; path = AppDelegate.swift; sourceTree = "<group>"; };
		9C13AF3B24DC120E004CCBE3 /* SceneDelegate.swift */ = {isa = PBXFileReference; lastKnownFileType = sourcecode.swift; path = SceneDelegate.swift; sourceTree = "<group>"; };
		9C13AF3D24DC120E004CCBE3 /* ViewController.swift */ = {isa = PBXFileReference; lastKnownFileType = sourcecode.swift; path = ViewController.swift; sourceTree = "<group>"; };
		9C13AF4024DC120E004CCBE3 /* Base */ = {isa = PBXFileReference; lastKnownFileType = file.storyboard; name = Base; path = Base.lproj/Main.storyboard; sourceTree = "<group>"; };
		9C13AF4224DC1210004CCBE3 /* Assets.xcassets */ = {isa = PBXFileReference; lastKnownFileType = folder.assetcatalog; path = Assets.xcassets; sourceTree = "<group>"; };
		9C13AF4524DC1210004CCBE3 /* Base */ = {isa = PBXFileReference; lastKnownFileType = file.storyboard; name = Base; path = Base.lproj/LaunchScreen.storyboard; sourceTree = "<group>"; };
		9C13AF4724DC1210004CCBE3 /* Info.plist */ = {isa = PBXFileReference; lastKnownFileType = text.plist.xml; path = Info.plist; sourceTree = "<group>"; };
		9C13AF4C24DC1210004CCBE3 /* MemeMeTests.xctest */ = {isa = PBXFileReference; explicitFileType = wrapper.cfbundle; includeInIndex = 0; path = MemeMeTests.xctest; sourceTree = BUILT_PRODUCTS_DIR; };
		9C13AF5024DC1210004CCBE3 /* MemeMeTests.swift */ = {isa = PBXFileReference; lastKnownFileType = sourcecode.swift; path = MemeMeTests.swift; sourceTree = "<group>"; };
		9C13AF5224DC1210004CCBE3 /* Info.plist */ = {isa = PBXFileReference; lastKnownFileType = text.plist.xml; path = Info.plist; sourceTree = "<group>"; };
/* End PBXFileReference section */

/* Begin PBXFrameworksBuildPhase section */
		9C13AF3324DC120E004CCBE3 /* Frameworks */ = {
			isa = PBXFrameworksBuildPhase;
			buildActionMask = 2147483647;
			files = (
			);
			runOnlyForDeploymentPostprocessing = 0;
		};
		9C13AF4924DC1210004CCBE3 /* Frameworks */ = {
			isa = PBXFrameworksBuildPhase;
			buildActionMask = 2147483647;
			files = (
			);
			runOnlyForDeploymentPostprocessing = 0;
		};
/* End PBXFrameworksBuildPhase section */

/* Begin PBXGroup section */
		9C13AF2D24DC120E004CCBE3 = {
			isa = PBXGroup;
			children = (
				9C13AF3824DC120E004CCBE3 /* MemeMe */,
				9C13AF4F24DC1210004CCBE3 /* MemeMeTests */,
				9C13AF3724DC120E004CCBE3 /* Products */,
			);
			sourceTree = "<group>";
		};
		9C13AF3724DC120E004CCBE3 /* Products */ = {
			isa = PBXGroup;
			children = (
				9C13AF3624DC120E004CCBE3 /* MemeMe.app */,
				9C13AF4C24DC1210004CCBE3 /* MemeMeTests.xctest */,
			);
			name = Products;
			sourceTree = "<group>";
		};
		9C13AF3824DC120E004CCBE3 /* MemeMe */ = {
			isa = PBXGroup;
			children = (
				9C13AF3924DC120E004CCBE3 /* AppDelegate.swift */,
				9C13AF3B24DC120E004CCBE3 /* SceneDelegate.swift */,
				9C13AF3D24DC120E004CCBE3 /* ViewController.swift */,
				9C13AF3F24DC120E004CCBE3 /* Main.storyboard */,
				9C13AF4224DC1210004CCBE3 /* Assets.xcassets */,
				9C13AF4424DC1210004CCBE3 /* LaunchScreen.storyboard */,
				9C13AF4724DC1210004CCBE3 /* Info.plist */,
			);
			path = MemeMe;
			sourceTree = "<group>";
		};
		9C13AF4F24DC1210004CCBE3 /* MemeMeTests */ = {
			isa = PBXGroup;
			children = (
				9C13AF5024DC1210004CCBE3 /* MemeMeTests.swift */,
				9C13AF5224DC1210004CCBE3 /* Info.plist */,
			);
			path = MemeMeTests;
			sourceTree = "<group>";
		};
/* End PBXGroup section */

/* Begin PBXNativeTarget section */
		9C13AF3524DC120E004CCBE3 /* MemeMe */ = {
			isa = PBXNativeTarget;
			buildConfigurationList = 9C13AF5524DC1210004CCBE3 /* Build configuration list for PBXNativeTarget "MemeMe" */;
			buildPhases = (
				9C13AF3224DC120E004CCBE3 /* Sources */,
				9C13AF3324DC120E004CCBE3 /* Frameworks */,
				9C13AF3424DC120E004CCBE3 /* Resources */,
			);
			buildRules = (
			);
			dependencies = (
			);
			name = MemeMe;
			productName = MemeMe;
			productReference = 9C13AF3624DC120E004CCBE3 /* MemeMe.app */;
			productType = "com.apple.product-type.application";
		};
		9C13AF4B24DC1210004CCBE3 /* MemeMeTests */ = {
			isa = PBXNativeTarget;
			buildConfigurationList = 9C13AF5824DC1210004CCBE3 /* Build configuration list for PBXNativeTarget "MemeMeTests" */;
			buildPhases = (
				9C13AF4824DC1210004CCBE3 /* Sources */,
				9C13AF4924DC1210004CCBE3 /* Frameworks */,
				9C13AF4A24DC1210004CCBE3 /* Resources */,
			);
			buildRules = (
			);
			dependencies = (
				9C13AF4E24DC1210004CCBE3 /* PBXTargetDependency */,
			);
			name = MemeMeTests;
			productName = MemeMeTests;
			productReference = 9C13AF4C24DC1210004CCBE3 /* MemeMeTests.xctest */;
			productType = "com.apple.product-type.bundle.unit-test";
		};
/* End PBXNativeTarget section */

/* Begin PBXProject section */
		9C13AF2E24DC120E004CCBE3 /* Project object */ = {
			isa = PBXProject;
			attributes = {
				LastSwiftUpdateCheck = 1160;
				LastUpgradeCheck = 1160;
				ORGANIZATIONNAME = "Márcio Oliveira";
				TargetAttributes = {
					9C13AF3524DC120E004CCBE3 = {
						CreatedOnToolsVersion = 11.6;
					};
					9C13AF4B24DC1210004CCBE3 = {
						CreatedOnToolsVersion = 11.6;
						TestTargetID = 9C13AF3524DC120E004CCBE3;
					};
				};
			};
			buildConfigurationList = 9C13AF3124DC120E004CCBE3 /* Build configuration list for PBXProject "MemeMe" */;
			compatibilityVersion = "Xcode 9.3";
			developmentRegion = en;
			hasScannedForEncodings = 0;
			knownRegions = (
				en,
				Base,
			);
			mainGroup = 9C13AF2D24DC120E004CCBE3;
			productRefGroup = 9C13AF3724DC120E004CCBE3 /* Products */;
			projectDirPath = "";
			projectRoot = "";
			targets = (
				9C13AF3524DC120E004CCBE3 /* MemeMe */,
				9C13AF4B24DC1210004CCBE3 /* MemeMeTests */,
			);
		};
/* End PBXProject section */

/* Begin PBXResourcesBuildPhase section */
		9C13AF3424DC120E004CCBE3 /* Resources */ = {
			isa = PBXResourcesBuildPhase;
			buildActionMask = 2147483647;
			files = (
				9C13AF4624DC1210004CCBE3 /* LaunchScreen.storyboard in Resources */,
				9C13AF4324DC1210004CCBE3 /* Assets.xcassets in Resources */,
				9C13AF4124DC120E004CCBE3 /* Main.storyboard in Resources */,
			);
			runOnlyForDeploymentPostprocessing = 0;
		};
		9C13AF4A24DC1210004CCBE3 /* Resources */ = {
			isa = PBXResourcesBuildPhase;
			buildActionMask = 2147483647;
			files = (
			);
			runOnlyForDeploymentPostprocessing = 0;
		};
/* End PBXResourcesBuildPhase section */

/* Begin PBXSourcesBuildPhase section */
		9C13AF3224DC120E004CCBE3 /* Sources */ = {
			isa = PBXSourcesBuildPhase;
			buildActionMask = 2147483647;
			files = (
				9C13AF3E24DC120E004CCBE3 /* ViewController.swift in Sources */,
				9C13AF3A24DC120E004CCBE3 /* AppDelegate.swift in Sources */,
				9C13AF3C24DC120E004CCBE3 /* SceneDelegate.swift in Sources */,
			);
			runOnlyForDeploymentPostprocessing = 0;
		};
		9C13AF4824DC1210004CCBE3 /* Sources */ = {
			isa = PBXSourcesBuildPhase;
			buildActionMask = 2147483647;
			files = (
				9C13AF5124DC1210004CCBE3 /* MemeMeTests.swift in Sources */,
			);
			runOnlyForDeploymentPostprocessing = 0;
		};
/* End PBXSourcesBuildPhase section */

/* Begin PBXTargetDependency section */
		9C13AF4E24DC1210004CCBE3 /* PBXTargetDependency */ = {
			isa = PBXTargetDependency;
			target = 9C13AF3524DC120E004CCBE3 /* MemeMe */;
			targetProxy = 9C13AF4D24DC1210004CCBE3 /* PBXContainerItemProxy */;
		};
/* End PBXTargetDependency section */

/* Begin PBXVariantGroup section */
		9C13AF3F24DC120E004CCBE3 /* Main.storyboard */ = {
			isa = PBXVariantGroup;
			children = (
				9C13AF4024DC120E004CCBE3 /* Base */,
			);
			name = Main.storyboard;
			sourceTree = "<group>";
		};
		9C13AF4424DC1210004CCBE3 /* LaunchScreen.storyboard */ = {
			isa = PBXVariantGroup;
			children = (
				9C13AF4524DC1210004CCBE3 /* Base */,
			);
			name = LaunchScreen.storyboard;
			sourceTree = "<group>";
		};
/* End PBXVariantGroup section */

/* Begin XCBuildConfiguration section */
		9C13AF5324DC1210004CCBE3 /* Debug */ = {
			isa = XCBuildConfiguration;
			buildSettings = {
				ALWAYS_SEARCH_USER_PATHS = NO;
				CLANG_ANALYZER_NONNULL = YES;
				CLANG_ANALYZER_NUMBER_OBJECT_CONVERSION = YES_AGGRESSIVE;
				CLANG_CXX_LANGUAGE_STANDARD = "gnu++14";
				CLANG_CXX_LIBRARY = "libc++";
				CLANG_ENABLE_MODULES = YES;
				CLANG_ENABLE_OBJC_ARC = YES;
				CLANG_ENABLE_OBJC_WEAK = YES;
				CLANG_WARN_BLOCK_CAPTURE_AUTORELEASING = YES;
				CLANG_WARN_BOOL_CONVERSION = YES;
				CLANG_WARN_COMMA = YES;
				CLANG_WARN_CONSTANT_CONVERSION = YES;
				CLANG_WARN_DEPRECATED_OBJC_IMPLEMENTATIONS = YES;
				CLANG_WARN_DIRECT_OBJC_ISA_USAGE = YES_ERROR;
				CLANG_WARN_DOCUMENTATION_COMMENTS = YES;
				CLANG_WARN_EMPTY_BODY = YES;
				CLANG_WARN_ENUM_CONVERSION = YES;
				CLANG_WARN_INFINITE_RECURSION = YES;
				CLANG_WARN_INT_CONVERSION = YES;
				CLANG_WARN_NON_LITERAL_NULL_CONVERSION = YES;
				CLANG_WARN_OBJC_IMPLICIT_RETAIN_SELF = YES;
				CLANG_WARN_OBJC_LITERAL_CONVERSION = YES;
				CLANG_WARN_OBJC_ROOT_CLASS = YES_ERROR;
				CLANG_WARN_RANGE_LOOP_ANALYSIS = YES;
				CLANG_WARN_STRICT_PROTOTYPES = YES;
				CLANG_WARN_SUSPICIOUS_MOVE = YES;
				CLANG_WARN_UNGUARDED_AVAILABILITY = YES_AGGRESSIVE;
				CLANG_WARN_UNREACHABLE_CODE = YES;
				CLANG_WARN__DUPLICATE_METHOD_MATCH = YES;
				COPY_PHASE_STRIP = NO;
				DEBUG_INFORMATION_FORMAT = dwarf;
				ENABLE_STRICT_OBJC_MSGSEND = YES;
				ENABLE_TESTABILITY = YES;
				GCC_C_LANGUAGE_STANDARD = gnu11;
				GCC_DYNAMIC_NO_PIC = NO;
				GCC_NO_COMMON_BLOCKS = YES;
				GCC_OPTIMIZATION_LEVEL = 0;
				GCC_PREPROCESSOR_DEFINITIONS = (
					"DEBUG=1",
					"$(inherited)",
				);
				GCC_WARN_64_TO_32_BIT_CONVERSION = YES;
				GCC_WARN_ABOUT_RETURN_TYPE = YES_ERROR;
				GCC_WARN_UNDECLARED_SELECTOR = YES;
				GCC_WARN_UNINITIALIZED_AUTOS = YES_AGGRESSIVE;
				GCC_WARN_UNUSED_FUNCTION = YES;
				GCC_WARN_UNUSED_VARIABLE = YES;
				IPHONEOS_DEPLOYMENT_TARGET = 13.6;
				MTL_ENABLE_DEBUG_INFO = INCLUDE_SOURCE;
				MTL_FAST_MATH = YES;
				ONLY_ACTIVE_ARCH = YES;
				SDKROOT = iphoneos;
				SWIFT_ACTIVE_COMPILATION_CONDITIONS = DEBUG;
				SWIFT_OPTIMIZATION_LEVEL = "-Onone";
			};
			name = Debug;
		};
		9C13AF5424DC1210004CCBE3 /* Release */ = {
			isa = XCBuildConfiguration;
			buildSettings = {
				ALWAYS_SEARCH_USER_PATHS = NO;
				CLANG_ANALYZER_NONNULL = YES;
				CLANG_ANALYZER_NUMBER_OBJECT_CONVERSION = YES_AGGRESSIVE;
				CLANG_CXX_LANGUAGE_STANDARD = "gnu++14";
				CLANG_CXX_LIBRARY = "libc++";
				CLANG_ENABLE_MODULES = YES;
				CLANG_ENABLE_OBJC_ARC = YES;
				CLANG_ENABLE_OBJC_WEAK = YES;
				CLANG_WARN_BLOCK_CAPTURE_AUTORELEASING = YES;
				CLANG_WARN_BOOL_CONVERSION = YES;
				CLANG_WARN_COMMA = YES;
				CLANG_WARN_CONSTANT_CONVERSION = YES;
				CLANG_WARN_DEPRECATED_OBJC_IMPLEMENTATIONS = YES;
				CLANG_WARN_DIRECT_OBJC_ISA_USAGE = YES_ERROR;
				CLANG_WARN_DOCUMENTATION_COMMENTS = YES;
				CLANG_WARN_EMPTY_BODY = YES;
				CLANG_WARN_ENUM_CONVERSION = YES;
				CLANG_WARN_INFINITE_RECURSION = YES;
				CLANG_WARN_INT_CONVERSION = YES;
				CLANG_WARN_NON_LITERAL_NULL_CONVERSION = YES;
				CLANG_WARN_OBJC_IMPLICIT_RETAIN_SELF = YES;
				CLANG_WARN_OBJC_LITERAL_CONVERSION = YES;
				CLANG_WARN_OBJC_ROOT_CLASS = YES_ERROR;
				CLANG_WARN_RANGE_LOOP_ANALYSIS = YES;
				CLANG_WARN_STRICT_PROTOTYPES = YES;
				CLANG_WARN_SUSPICIOUS_MOVE = YES;
				CLANG_WARN_UNGUARDED_AVAILABILITY = YES_AGGRESSIVE;
				CLANG_WARN_UNREACHABLE_CODE = YES;
				CLANG_WARN__DUPLICATE_METHOD_MATCH = YES;
				COPY_PHASE_STRIP = NO;
				DEBUG_INFORMATION_FORMAT = "dwarf-with-dsym";
				ENABLE_NS_ASSERTIONS = NO;
				ENABLE_STRICT_OBJC_MSGSEND = YES;
				GCC_C_LANGUAGE_STANDARD = gnu11;
				GCC_NO_COMMON_BLOCKS = YES;
				GCC_WARN_64_TO_32_BIT_CONVERSION = YES;
				GCC_WARN_ABOUT_RETURN_TYPE = YES_ERROR;
				GCC_WARN_UNDECLARED_SELECTOR = YES;
				GCC_WARN_UNINITIALIZED_AUTOS = YES_AGGRESSIVE;
				GCC_WARN_UNUSED_FUNCTION = YES;
				GCC_WARN_UNUSED_VARIABLE = YES;
				IPHONEOS_DEPLOYMENT_TARGET = 13.6;
				MTL_ENABLE_DEBUG_INFO = NO;
				MTL_FAST_MATH = YES;
				SDKROOT = iphoneos;
				SWIFT_COMPILATION_MODE = wholemodule;
				SWIFT_OPTIMIZATION_LEVEL = "-O";
				VALIDATE_PRODUCT = YES;
			};
			name = Release;
		};
		9C13AF5624DC1210004CCBE3 /* Debug */ = {
			isa = XCBuildConfiguration;
			buildSettings = {
				ASSETCATALOG_COMPILER_APPICON_NAME = AppIcon;
				CODE_SIGN_STYLE = Automatic;
				DEVELOPMENT_TEAM = 36PZ948353;
				INFOPLIST_FILE = MemeMe/Info.plist;
				LD_RUNPATH_SEARCH_PATHS = (
					"$(inherited)",
					"@executable_path/Frameworks",
				);
				PRODUCT_BUNDLE_IDENTIFIER = com.marcio.MemeMe;
				PRODUCT_NAME = "$(TARGET_NAME)";
				SWIFT_VERSION = 5.0;
				TARGETED_DEVICE_FAMILY = "1,2";
			};
			name = Debug;
		};
		9C13AF5724DC1210004CCBE3 /* Release */ = {
			isa = XCBuildConfiguration;
			buildSettings = {
				ASSETCATALOG_COMPILER_APPICON_NAME = AppIcon;
				CODE_SIGN_STYLE = Automatic;
				DEVELOPMENT_TEAM = 36PZ948353;
				INFOPLIST_FILE = MemeMe/Info.plist;
				LD_RUNPATH_SEARCH_PATHS = (
					"$(inherited)",
					"@executable_path/Frameworks",
				);
				PRODUCT_BUNDLE_IDENTIFIER = com.marcio.MemeMe;
				PRODUCT_NAME = "$(TARGET_NAME)";
				SWIFT_VERSION = 5.0;
				TARGETED_DEVICE_FAMILY = "1,2";
			};
			name = Release;
		};
		9C13AF5924DC1210004CCBE3 /* Debug */ = {
			isa = XCBuildConfiguration;
			buildSettings = {
				ALWAYS_EMBED_SWIFT_STANDARD_LIBRARIES = YES;
				BUNDLE_LOADER = "$(TEST_HOST)";
				CODE_SIGN_STYLE = Automatic;
				DEVELOPMENT_TEAM = 36PZ948353;
				INFOPLIST_FILE = MemeMeTests/Info.plist;
				IPHONEOS_DEPLOYMENT_TARGET = 13.6;
				LD_RUNPATH_SEARCH_PATHS = (
					"$(inherited)",
					"@executable_path/Frameworks",
					"@loader_path/Frameworks",
				);
				PRODUCT_BUNDLE_IDENTIFIER = com.marcio.MemeMeTests;
				PRODUCT_NAME = "$(TARGET_NAME)";
				SWIFT_VERSION = 5.0;
				TARGETED_DEVICE_FAMILY = "1,2";
				TEST_HOST = "$(BUILT_PRODUCTS_DIR)/MemeMe.app/MemeMe";
			};
			name = Debug;
		};
		9C13AF5A24DC1210004CCBE3 /* Release */ = {
			isa = XCBuildConfiguration;
			buildSettings = {
				ALWAYS_EMBED_SWIFT_STANDARD_LIBRARIES = YES;
				BUNDLE_LOADER = "$(TEST_HOST)";
				CODE_SIGN_STYLE = Automatic;
				DEVELOPMENT_TEAM = 36PZ948353;
				INFOPLIST_FILE = MemeMeTests/Info.plist;
				IPHONEOS_DEPLOYMENT_TARGET = 13.6;
				LD_RUNPATH_SEARCH_PATHS = (
					"$(inherited)",
					"@executable_path/Frameworks",
					"@loader_path/Frameworks",
				);
				PRODUCT_BUNDLE_IDENTIFIER = com.marcio.MemeMeTests;
				PRODUCT_NAME = "$(TARGET_NAME)";
				SWIFT_VERSION = 5.0;
				TARGETED_DEVICE_FAMILY = "1,2";
				TEST_HOST = "$(BUILT_PRODUCTS_DIR)/MemeMe.app/MemeMe";
			};
			name = Release;
		};
/* End XCBuildConfiguration section */

/* Begin XCConfigurationList section */
		9C13AF3124DC120E004CCBE3 /* Build configuration list for PBXProject "MemeMe" */ = {
			isa = XCConfigurationList;
			buildConfigurations = (
				9C13AF5324DC1210004CCBE3 /* Debug */,
				9C13AF5424DC1210004CCBE3 /* Release */,
			);
			defaultConfigurationIsVisible = 0;
			defaultConfigurationName = Release;
		};
		9C13AF5524DC1210004CCBE3 /* Build configuration list for PBXNativeTarget "MemeMe" */ = {
			isa = XCConfigurationList;
			buildConfigurations = (
				9C13AF5624DC1210004CCBE3 /* Debug */,
				9C13AF5724DC1210004CCBE3 /* Release */,
			);
			defaultConfigurationIsVisible = 0;
			defaultConfigurationName = Release;
		};
		9C13AF5824DC1210004CCBE3 /* Build configuration list for PBXNativeTarget "MemeMeTests" */ = {
			isa = XCConfigurationList;
			buildConfigurations = (
				9C13AF5924DC1210004CCBE3 /* Debug */,
				9C13AF5A24DC1210004CCBE3 /* Release */,
			);
			defaultConfigurationIsVisible = 0;
			defaultConfigurationName = Release;
		};
/* End XCConfigurationList section */
	};
	rootObject = 9C13AF2E24DC120E004CCBE3 /* Project object */;
}
